
Microsoft Visual Studio Solution File, Format Version 11.00
# Visual Studio 2010
Project("{FAE04EC0-301F-11D3-BF4B-00C04F79EFBC}") = "OnlineTestSimulator", "OnlineTestSimulator\OnlineTestSimulator.csproj", "{C9F323DD-2CCF-47F5-BDE4-7DFA087FFE37}"
EndProject
Project("{FAE04EC0-301F-11D3-BF4B-00C04F79EFBC}") = "QuestionAnswerReaderWriter", "QuestionAnswerReaderWriter\QuestionAnswerReaderWriter.csproj", "{833F19C6-857A-44CE-871F-86CC4B08DCFF}"
EndProject
Global
	GlobalSection(SolutionConfigurationPlatforms) = preSolution
		Debug|x86 = Debug|x86
		Release|x86 = Release|x86
	EndGlobalSection
	GlobalSection(ProjectConfigurationPlatforms) = postSolution
		{C9F323DD-2CCF-47F5-BDE4-7DFA087FFE37}.Debug|x86.ActiveCfg = Debug|x86
		{C9F323DD-2CCF-47F5-BDE4-7DFA087FFE37}.Debug|x86.Build.0 = Debug|x86
		{C9F323DD-2CCF-47F5-BDE4-7DFA087FFE37}.Release|x86.ActiveCfg = Release|x86
		{C9F323DD-2CCF-47F5-BDE4-7DFA087FFE37}.Release|x86.Build.0 = Release|x86
		{833F19C6-857A-44CE-871F-86CC4B08DCFF}.Debug|x86.ActiveCfg = Debug|x86
		{833F19C6-857A-44CE-871F-86CC4B08DCFF}.Debug|x86.Build.0 = Debug|x86
		{833F19C6-857A-44CE-871F-86CC4B08DCFF}.Release|x86.ActiveCfg = Release|x86
		{833F19C6-857A-44CE-871F-86CC4B08DCFF}.Release|x86.Build.0 = Release|x86
	EndGlobalSection
	GlobalSection(SolutionProperties) = preSolution
		HideSolutionNode = FALSE
	EndGlobalSection
EndGlobal
